
Microsoft Visual Studio Solution File, Format Version 12.00
# Visual Studio Version 17
VisualStudioVersion = 17.5.33424.131
MinimumVisualStudioVersion = 10.0.40219.1
Project("{9A19103F-16F7-4668-BE54-9A1E7A4F7556}") = "Internship", "Internship\Internship.csproj", "{871BD669-0CE6-4A42-9132-C23D53DBDF14}"
EndProject
Project("{FAE04EC0-301F-11D3-BF4B-00C04F79EFBC}") = "ApiTests", "ApiTests\ApiTests.csproj", "{DD60FC92-2E42-423C-88B1-BBEE9F6A340E}"
EndProject
Global
	GlobalSection(SolutionConfigurationPlatforms) = preSolution
		Debug|Any CPU = Debug|Any CPU
		Release|Any CPU = Release|Any CPU
	EndGlobalSection
	GlobalSection(ProjectConfigurationPlatforms) = postSolution
		{871BD669-0CE6-4A42-9132-C23D53DBDF14}.Debug|Any CPU.ActiveCfg = Debug|Any CPU
		{871BD669-0CE6-4A42-9132-C23D53DBDF14}.Debug|Any CPU.Build.0 = Debug|Any CPU
		{871BD669-0CE6-4A42-9132-C23D53DBDF14}.Release|Any CPU.ActiveCfg = Release|Any CPU
		{871BD669-0CE6-4A42-9132-C23D53DBDF14}.Release|Any CPU.Build.0 = Release|Any CPU
		{DD60FC92-2E42-423C-88B1-BBEE9F6A340E}.Debug|Any CPU.ActiveCfg = Debug|Any CPU
		{DD60FC92-2E42-423C-88B1-BBEE9F6A340E}.Debug|Any CPU.Build.0 = Debug|Any CPU
		{DD60FC92-2E42-423C-88B1-BBEE9F6A340E}.Release|Any CPU.ActiveCfg = Release|Any CPU
		{DD60FC92-2E42-423C-88B1-BBEE9F6A340E}.Release|Any CPU.Build.0 = Release|Any CPU
	EndGlobalSection
	GlobalSection(SolutionProperties) = preSolution
		HideSolutionNode = FALSE
	EndGlobalSection
	GlobalSection(ExtensibilityGlobals) = postSolution
		SolutionGuid = {113604C6-E70D-4E18-8277-20684FB314A8}
	EndGlobalSection
EndGlobal
